schema: '2.0'
stages:
  make_dataset:
    cmd: python .\src\data\make_dataset.py \data\raw\creditcard.csv
    deps:
    - path: .\data\raw\creditcard.csv
      hash: md5
      md5: e90efcb83d69faf99fcab8b0255024de
      size: 150828752
    - path: .\src\data\make_dataset.py
      hash: md5
      md5: 5d87ea0853101b748b17af0be510c2ac
      size: 1314
    params:
      params.yaml:
        make_dataset.seed: 2023
        make_dataset.test_split: 0.2
  train_model:
    cmd: python .\src\models\train_model.py \data\processed
    deps:
    - path: .\data\processed\train.csv
      hash: md5
      md5: 939b8fe455a67be7c1cfd8b3561e0228
      size: 120881953
    - path: .\src\models\train_model.py
      hash: md5
      md5: dc9e6048a52fcd1e5595888d9f35bcae
      size: 3032
